
Microsoft Visual Studio Solution File, Format Version 12.00
# Visual Studio Version 16
VisualStudioVersion = 16.0.29318.209
MinimumVisualStudioVersion = 10.0.40219.1
Project("{FAE04EC0-301F-11D3-BF4B-00C04F79EFBC}") = "nikŠimetićRadioBottunKontrola", "nikŠimetićRadioBottunKontrola.csproj", "{F0EA1EA1-E3E7-47F1-BAEE-9FA6CC7AF95E}"
EndProject
Global
	GlobalSection(SolutionConfigurationPlatforms) = preSolution
		Debug|Any CPU = Debug|Any CPU
		Release|Any CPU = Release|Any CPU
	EndGlobalSection
	GlobalSection(ProjectConfigurationPlatforms) = postSolution
		{F0EA1EA1-E3E7-47F1-BAEE-9FA6CC7AF95E}.Debug|Any CPU.ActiveCfg = Debug|Any CPU
		{F0EA1EA1-E3E7-47F1-BAEE-9FA6CC7AF95E}.Debug|Any CPU.Build.0 = Debug|Any CPU
		{F0EA1EA1-E3E7-47F1-BAEE-9FA6CC7AF95E}.Release|Any CPU.ActiveCfg = Release|Any CPU
		{F0EA1EA1-E3E7-47F1-BAEE-9FA6CC7AF95E}.Release|Any CPU.Build.0 = Release|Any CPU
	EndGlobalSection
	GlobalSection(SolutionProperties) = preSolution
		HideSolutionNode = FALSE
	EndGlobalSection
	GlobalSection(ExtensibilityGlobals) = postSolution
		SolutionGuid = {DF2040F7-C227-4D89-8367-170C2C829429}
	EndGlobalSection
EndGlobal
